// !$*UTF8*$!
{
	archiveVersion = 1;
	classes = {
	};
	objectVersion = 56;
	objects = {

/* Begin PBXBuildFile section */
		6AF3410629CC56F3006B3681 /* DadsApp.swift in Sources */ = {isa = PBXBuildFile; fileRef = 6AF3410529CC56F3006B3681 /* DadsApp.swift */; };
		6AF3410829CC56F3006B3681 /* MainView.swift in Sources */ = {isa = PBXBuildFile; fileRef = 6AF3410729CC56F3006B3681 /* MainView.swift */; };
		6AF3410A29CC56F5006B3681 /* Assets.xcassets in Resources */ = {isa = PBXBuildFile; fileRef = 6AF3410929CC56F5006B3681 /* Assets.xcassets */; };
		6AF3411429CC57EC006B3681 /* Model.swift in Sources */ = {isa = PBXBuildFile; fileRef = 6AF3411329CC57EC006B3681 /* Model.swift */; };
		6AF3411629CC5866006B3681 /* Repository.swift in Sources */ = {isa = PBXBuildFile; fileRef = 6AF3411529CC5866006B3681 /* Repository.swift */; };
		6AF3411829CC63E4006B3681 /* CardModifier.swift in Sources */ = {isa = PBXBuildFile; fileRef = 6AF3411729CC63E4006B3681 /* CardModifier.swift */; };
		6AF3411A29CC6444006B3681 /* Globals.swift in Sources */ = {isa = PBXBuildFile; fileRef = 6AF3411929CC6444006B3681 /* Globals.swift */; };
		6AF3411C29CC6B10006B3681 /* MainViewModel.swift in Sources */ = {isa = PBXBuildFile; fileRef = 6AF3411B29CC6B10006B3681 /* MainViewModel.swift */; };
		6AF3412029CC95D0006B3681 /* Favorites.swift in Sources */ = {isa = PBXBuildFile; fileRef = 6AF3411F29CC95D0006B3681 /* Favorites.swift */; };
		6AF3412329CDA76B006B3681 /* ProductCard.swift in Sources */ = {isa = PBXBuildFile; fileRef = 6AF3412229CDA76B006B3681 /* ProductCard.swift */; };
		6AF3413029CEF3CB006B3681 /* Comfortaa-Light.ttf in Resources */ = {isa = PBXBuildFile; fileRef = 6AF3412D29CEF3CA006B3681 /* Comfortaa-Light.ttf */; };
		6AF3413129CEF3CB006B3681 /* Comfortaa-Medium.ttf in Resources */ = {isa = PBXBuildFile; fileRef = 6AF3412E29CEF3CB006B3681 /* Comfortaa-Medium.ttf */; };
		6AF3413229CEF3CB006B3681 /* Comfortaa-Regular.ttf in Resources */ = {isa = PBXBuildFile; fileRef = 6AF3412F29CEF3CB006B3681 /* Comfortaa-Regular.ttf */; };
		6AF3413629CF3DDA006B3681 /* EmptyView.swift in Sources */ = {isa = PBXBuildFile; fileRef = 6AF3413529CF3DDA006B3681 /* EmptyView.swift */; };
		6AF3413E29CF6AE9006B3681 /* ProductView.swift in Sources */ = {isa = PBXBuildFile; fileRef = 6AF3413D29CF6AE9006B3681 /* ProductView.swift */; };
		6AF3414029CF6D31006B3681 /* Product.swift in Sources */ = {isa = PBXBuildFile; fileRef = 6AF3413F29CF6D31006B3681 /* Product.swift */; };
		6AF3414229CF6E22006B3681 /* ProductViewModel.swift in Sources */ = {isa = PBXBuildFile; fileRef = 6AF3414129CF6E22006B3681 /* ProductViewModel.swift */; };
		6AF5CBFD29D0AAE400B00D23 /* DAdsUITests.swift in Sources */ = {isa = PBXBuildFile; fileRef = 6AF5CBFC29D0AAE400B00D23 /* DAdsUITests.swift */; };
		6AF5CC0C29D0AAEF00B00D23 /* DAdsTests.swift in Sources */ = {isa = PBXBuildFile; fileRef = 6AF5CC0B29D0AAEF00B00D23 /* DAdsTests.swift */; };
		6AF5CC1229D0BBD700B00D23 /* MainView.swift in Sources */ = {isa = PBXBuildFile; fileRef = 6AF3410729CC56F3006B3681 /* MainView.swift */; };
		6AF5CC1429D0C40000B00D23 /* ImageLoader.swift in Sources */ = {isa = PBXBuildFile; fileRef = 6AF5CC1329D0C40000B00D23 /* ImageLoader.swift */; };
		6AF5CC1629D0C45A00B00D23 /* ShippingOptionView.swift in Sources */ = {isa = PBXBuildFile; fileRef = 6AF5CC1529D0C45A00B00D23 /* ShippingOptionView.swift */; };
		6AF5CC1829D0C5F300B00D23 /* AdTypeView.swift in Sources */ = {isa = PBXBuildFile; fileRef = 6AF5CC1729D0C5F300B00D23 /* AdTypeView.swift */; };
/* End PBXBuildFile section */

/* Begin PBXContainerItemProxy section */
		6AF5CC0029D0AAE400B00D23 /* PBXContainerItemProxy */ = {
			isa = PBXContainerItemProxy;
			containerPortal = 6AF340FA29CC56F3006B3681 /* Project object */;
			proxyType = 1;
			remoteGlobalIDString = 6AF3410129CC56F3006B3681;
			remoteInfo = DAds;
		};
		6AF5CC0D29D0AAEF00B00D23 /* PBXContainerItemProxy */ = {
			isa = PBXContainerItemProxy;
			containerPortal = 6AF340FA29CC56F3006B3681 /* Project object */;
			proxyType = 1;
			remoteGlobalIDString = 6AF3410129CC56F3006B3681;
			remoteInfo = DAds;
		};
/* End PBXContainerItemProxy section */

/* Begin PBXFileReference section */
		6AF3410229CC56F3006B3681 /* DAds.app */ = {isa = PBXFileReference; explicitFileType = wrapper.application; includeInIndex = 0; path = DAds.app; sourceTree = BUILT_PRODUCTS_DIR; };
		6AF3410529CC56F3006B3681 /* DadsApp.swift */ = {isa = PBXFileReference; lastKnownFileType = sourcecode.swift; path = DadsApp.swift; sourceTree = "<group>"; };
		6AF3410729CC56F3006B3681 /* MainView.swift */ = {isa = PBXFileReference; lastKnownFileType = sourcecode.swift; path = MainView.swift; sourceTree = "<group>"; };
		6AF3410929CC56F5006B3681 /* Assets.xcassets */ = {isa = PBXFileReference; lastKnownFileType = folder.assetcatalog; path = Assets.xcassets; sourceTree = "<group>"; };
		6AF3411329CC57EC006B3681 /* Model.swift */ = {isa = PBXFileReference; lastKnownFileType = sourcecode.swift; path = Model.swift; sourceTree = "<group>"; };
		6AF3411529CC5866006B3681 /* Repository.swift */ = {isa = PBXFileReference; lastKnownFileType = sourcecode.swift; path = Repository.swift; sourceTree = "<group>"; };
		6AF3411729CC63E4006B3681 /* CardModifier.swift */ = {isa = PBXFileReference; lastKnownFileType = sourcecode.swift; path = CardModifier.swift; sourceTree = "<group>"; };
		6AF3411929CC6444006B3681 /* Globals.swift */ = {isa = PBXFileReference; lastKnownFileType = sourcecode.swift; path = Globals.swift; sourceTree = "<group>"; };
		6AF3411B29CC6B10006B3681 /* MainViewModel.swift */ = {isa = PBXFileReference; lastKnownFileType = sourcecode.swift; path = MainViewModel.swift; sourceTree = "<group>"; };
		6AF3411F29CC95D0006B3681 /* Favorites.swift */ = {isa = PBXFileReference; lastKnownFileType = sourcecode.swift; path = Favorites.swift; sourceTree = "<group>"; };
		6AF3412229CDA76B006B3681 /* ProductCard.swift */ = {isa = PBXFileReference; lastKnownFileType = sourcecode.swift; path = ProductCard.swift; sourceTree = "<group>"; };
		6AF3412C29CEF299006B3681 /* Info.plist */ = {isa = PBXFileReference; lastKnownFileType = text.plist; path = Info.plist; sourceTree = "<group>"; };
		6AF3412D29CEF3CA006B3681 /* Comfortaa-Light.ttf */ = {isa = PBXFileReference; lastKnownFileType = file; path = "Comfortaa-Light.ttf"; sourceTree = "<group>"; };
		6AF3412E29CEF3CB006B3681 /* Comfortaa-Medium.ttf */ = {isa = PBXFileReference; lastKnownFileType = file; path = "Comfortaa-Medium.ttf"; sourceTree = "<group>"; };
		6AF3412F29CEF3CB006B3681 /* Comfortaa-Regular.ttf */ = {isa = PBXFileReference; lastKnownFileType = file; path = "Comfortaa-Regular.ttf"; sourceTree = "<group>"; };
		6AF3413529CF3DDA006B3681 /* EmptyView.swift */ = {isa = PBXFileReference; lastKnownFileType = sourcecode.swift; path = EmptyView.swift; sourceTree = "<group>"; };
		6AF3413D29CF6AE9006B3681 /* ProductView.swift */ = {isa = PBXFileReference; lastKnownFileType = sourcecode.swift; path = ProductView.swift; sourceTree = "<group>"; };
		6AF3413F29CF6D31006B3681 /* Product.swift */ = {isa = PBXFileReference; lastKnownFileType = sourcecode.swift; path = Product.swift; sourceTree = "<group>"; };
		6AF3414129CF6E22006B3681 /* ProductViewModel.swift */ = {isa = PBXFileReference; lastKnownFileType = sourcecode.swift; path = ProductViewModel.swift; sourceTree = "<group>"; };
		6AF5CBFA29D0AAE400B00D23 /* DAdsUITests.xctest */ = {isa = PBXFileReference; explicitFileType = wrapper.cfbundle; includeInIndex = 0; path = DAdsUITests.xctest; sourceTree = BUILT_PRODUCTS_DIR; };
		6AF5CBFC29D0AAE400B00D23 /* DAdsUITests.swift */ = {isa = PBXFileReference; lastKnownFileType = sourcecode.swift; path = DAdsUITests.swift; sourceTree = "<group>"; };
		6AF5CC0929D0AAEF00B00D23 /* DAdsTests.xctest */ = {isa = PBXFileReference; explicitFileType = wrapper.cfbundle; includeInIndex = 0; path = DAdsTests.xctest; sourceTree = BUILT_PRODUCTS_DIR; };
		6AF5CC0B29D0AAEF00B00D23 /* DAdsTests.swift */ = {isa = PBXFileReference; lastKnownFileType = sourcecode.swift; path = DAdsTests.swift; sourceTree = "<group>"; };
		6AF5CC1329D0C40000B00D23 /* ImageLoader.swift */ = {isa = PBXFileReference; lastKnownFileType = sourcecode.swift; path = ImageLoader.swift; sourceTree = "<group>"; };
		6AF5CC1529D0C45A00B00D23 /* ShippingOptionView.swift */ = {isa = PBXFileReference; lastKnownFileType = sourcecode.swift; path = ShippingOptionView.swift; sourceTree = "<group>"; };
		6AF5CC1729D0C5F300B00D23 /* AdTypeView.swift */ = {isa = PBXFileReference; lastKnownFileType = sourcecode.swift; path = AdTypeView.swift; sourceTree = "<group>"; };
/* End PBXFileReference section */

/* Begin PBXFrameworksBuildPhase section */
		6AF340FF29CC56F3006B3681 /* Frameworks */ = {
			isa = PBXFrameworksBuildPhase;
			buildActionMask = 2147483647;
			files = (
			);
			runOnlyForDeploymentPostprocessing = 0;
		};
		6AF5CBF729D0AAE400B00D23 /* Frameworks */ = {
			isa = PBXFrameworksBuildPhase;
			buildActionMask = 2147483647;
			files = (
			);
			runOnlyForDeploymentPostprocessing = 0;
		};
		6AF5CC0629D0AAEF00B00D23 /* Frameworks */ = {
			isa = PBXFrameworksBuildPhase;
			buildActionMask = 2147483647;
			files = (
			);
			runOnlyForDeploymentPostprocessing = 0;
		};
/* End PBXFrameworksBuildPhase section */

/* Begin PBXGroup section */
		6AF340F929CC56F3006B3681 = {
			isa = PBXGroup;
			children = (
				6AF3410429CC56F3006B3681 /* DAds */,
				6AF5CBFB29D0AAE400B00D23 /* DAdsUITests */,
				6AF5CC0A29D0AAEF00B00D23 /* DAdsTests */,
				6AF3410329CC56F3006B3681 /* Products */,
			);
			sourceTree = "<group>";
		};
		6AF3410329CC56F3006B3681 /* Products */ = {
			isa = PBXGroup;
			children = (
				6AF3410229CC56F3006B3681 /* DAds.app */,
				6AF5CBFA29D0AAE400B00D23 /* DAdsUITests.xctest */,
				6AF5CC0929D0AAEF00B00D23 /* DAdsTests.xctest */,
			);
			name = Products;
			sourceTree = "<group>";
		};
		6AF3410429CC56F3006B3681 /* DAds */ = {
			isa = PBXGroup;
			children = (
				6AF3413829CF3E22006B3681 /* Components */,
				6AF3410529CC56F3006B3681 /* DadsApp.swift */,
				6AF3411B29CC6B10006B3681 /* MainViewModel.swift */,
				6AF3410729CC56F3006B3681 /* MainView.swift */,
				6AF3413D29CF6AE9006B3681 /* ProductView.swift */,
				6AF3414129CF6E22006B3681 /* ProductViewModel.swift */,
				6AF3413929CF3EC5006B3681 /* Preview Content */,
				6AF3412129CCBABD006B3681 /* Utils */,
				6AF3412C29CEF299006B3681 /* Info.plist */,
			);
			path = DAds;
			sourceTree = "<group>";
		};
		6AF3412129CCBABD006B3681 /* Utils */ = {
			isa = PBXGroup;
			children = (
				6AF3410929CC56F5006B3681 /* Assets.xcassets */,
				6AF3411F29CC95D0006B3681 /* Favorites.swift */,
				6AF3411729CC63E4006B3681 /* CardModifier.swift */,
				6AF3413729CF3DED006B3681 /* Fonts */,
				6AF3411929CC6444006B3681 /* Globals.swift */,
				6AF3411329CC57EC006B3681 /* Model.swift */,
				6AF3411529CC5866006B3681 /* Repository.swift */,
			);
			path = Utils;
			sourceTree = "<group>";
		};
		6AF3413729CF3DED006B3681 /* Fonts */ = {
			isa = PBXGroup;
			children = (
				6AF3412D29CEF3CA006B3681 /* Comfortaa-Light.ttf */,
				6AF3412E29CEF3CB006B3681 /* Comfortaa-Medium.ttf */,
				6AF3412F29CEF3CB006B3681 /* Comfortaa-Regular.ttf */,
			);
			path = Fonts;
			sourceTree = "<group>";
		};
		6AF3413829CF3E22006B3681 /* Components */ = {
			isa = PBXGroup;
			children = (
				6AF5CC1729D0C5F300B00D23 /* AdTypeView.swift */,
				6AF3413529CF3DDA006B3681 /* EmptyView.swift */,
				6AF5CC1329D0C40000B00D23 /* ImageLoader.swift */,
				6AF3412229CDA76B006B3681 /* ProductCard.swift */,
				6AF3413F29CF6D31006B3681 /* Product.swift */,
				6AF5CC1529D0C45A00B00D23 /* ShippingOptionView.swift */,
			);
			path = Components;
			sourceTree = "<group>";
		};
		6AF3413929CF3EC5006B3681 /* Preview Content */ = {
			isa = PBXGroup;
			children = (
			);
			path = "Preview Content";
			sourceTree = "<group>";
		};
		6AF5CBFB29D0AAE400B00D23 /* DAdsUITests */ = {
			isa = PBXGroup;
			children = (
				6AF5CBFC29D0AAE400B00D23 /* DAdsUITests.swift */,
			);
			path = DAdsUITests;
			sourceTree = "<group>";
		};
		6AF5CC0A29D0AAEF00B00D23 /* DAdsTests */ = {
			isa = PBXGroup;
			children = (
				6AF5CC0B29D0AAEF00B00D23 /* DAdsTests.swift */,
			);
			path = DAdsTests;
			sourceTree = "<group>";
		};
/* End PBXGroup section */

/* Begin PBXNativeTarget section */
		6AF3410129CC56F3006B3681 /* DAds */ = {
			isa = PBXNativeTarget;
			buildConfigurationList = 6AF3411029CC56F5006B3681 /* Build configuration list for PBXNativeTarget "DAds" */;
			buildPhases = (
				6AF340FE29CC56F3006B3681 /* Sources */,
				6AF340FF29CC56F3006B3681 /* Frameworks */,
				6AF3410029CC56F3006B3681 /* Resources */,
			);
			buildRules = (
			);
			dependencies = (
			);
			name = DAds;
			productName = DAds;
			productReference = 6AF3410229CC56F3006B3681 /* DAds.app */;
			productType = "com.apple.product-type.application";
		};
		6AF5CBF929D0AAE400B00D23 /* DAdsUITests */ = {
			isa = PBXNativeTarget;
			buildConfigurationList = 6AF5CC0429D0AAE400B00D23 /* Build configuration list for PBXNativeTarget "DAdsUITests" */;
			buildPhases = (
				6AF5CBF629D0AAE400B00D23 /* Sources */,
				6AF5CBF729D0AAE400B00D23 /* Frameworks */,
				6AF5CBF829D0AAE400B00D23 /* Resources */,
			);
			buildRules = (
			);
			dependencies = (
				6AF5CC0129D0AAE400B00D23 /* PBXTargetDependency */,
			);
			name = DAdsUITests;
			productName = DAdsUITests;
			productReference = 6AF5CBFA29D0AAE400B00D23 /* DAdsUITests.xctest */;
			productType = "com.apple.product-type.bundle.ui-testing";
		};
		6AF5CC0829D0AAEF00B00D23 /* DAdsTests */ = {
			isa = PBXNativeTarget;
			buildConfigurationList = 6AF5CC0F29D0AAEF00B00D23 /* Build configuration list for PBXNativeTarget "DAdsTests" */;
			buildPhases = (
				6AF5CC0529D0AAEF00B00D23 /* Sources */,
				6AF5CC0629D0AAEF00B00D23 /* Frameworks */,
				6AF5CC0729D0AAEF00B00D23 /* Resources */,
			);
			buildRules = (
			);
			dependencies = (
				6AF5CC0E29D0AAEF00B00D23 /* PBXTargetDependency */,
			);
			name = DAdsTests;
			productName = DAdsTests;
			productReference = 6AF5CC0929D0AAEF00B00D23 /* DAdsTests.xctest */;
			productType = "com.apple.product-type.bundle.unit-test";
		};
/* End PBXNativeTarget section */

/* Begin PBXProject section */
		6AF340FA29CC56F3006B3681 /* Project object */ = {
			isa = PBXProject;
			attributes = {
				BuildIndependentTargetsInParallel = 1;
				LastSwiftUpdateCheck = 1420;
				LastUpgradeCheck = 1420;
				TargetAttributes = {
					6AF3410129CC56F3006B3681 = {
						CreatedOnToolsVersion = 14.2;
					};
					6AF5CBF929D0AAE400B00D23 = {
						CreatedOnToolsVersion = 14.2;
						TestTargetID = 6AF3410129CC56F3006B3681;
					};
					6AF5CC0829D0AAEF00B00D23 = {
						CreatedOnToolsVersion = 14.2;
						TestTargetID = 6AF3410129CC56F3006B3681;
					};
				};
			};
			buildConfigurationList = 6AF340FD29CC56F3006B3681 /* Build configuration list for PBXProject "DAds" */;
			compatibilityVersion = "Xcode 14.0";
			developmentRegion = en;
			hasScannedForEncodings = 0;
			knownRegions = (
				en,
				Base,
			);
			mainGroup = 6AF340F929CC56F3006B3681;
			productRefGroup = 6AF3410329CC56F3006B3681 /* Products */;
			projectDirPath = "";
			projectRoot = "";
			targets = (
				6AF3410129CC56F3006B3681 /* DAds */,
				6AF5CBF929D0AAE400B00D23 /* DAdsUITests */,
				6AF5CC0829D0AAEF00B00D23 /* DAdsTests */,
			);
		};
/* End PBXProject section */

/* Begin PBXResourcesBuildPhase section */
		6AF3410029CC56F3006B3681 /* Resources */ = {
			isa = PBXResourcesBuildPhase;
			buildActionMask = 2147483647;
			files = (
				6AF3413029CEF3CB006B3681 /* Comfortaa-Light.ttf in Resources */,
				6AF3413129CEF3CB006B3681 /* Comfortaa-Medium.ttf in Resources */,
				6AF3410A29CC56F5006B3681 /* Assets.xcassets in Resources */,
				6AF3413229CEF3CB006B3681 /* Comfortaa-Regular.ttf in Resources */,
			);
			runOnlyForDeploymentPostprocessing = 0;
		};
		6AF5CBF829D0AAE400B00D23 /* Resources */ = {
			isa = PBXResourcesBuildPhase;
			buildActionMask = 2147483647;
			files = (
			);
			runOnlyForDeploymentPostprocessing = 0;
		};
		6AF5CC0729D0AAEF00B00D23 /* Resources */ = {
			isa = PBXResourcesBuildPhase;
			buildActionMask = 2147483647;
			files = (
			);
			runOnlyForDeploymentPostprocessing = 0;
		};
/* End PBXResourcesBuildPhase section */

/* Begin PBXSourcesBuildPhase section */
		6AF340FE29CC56F3006B3681 /* Sources */ = {
			isa = PBXSourcesBuildPhase;
			buildActionMask = 2147483647;
			files = (
				6AF5CC1429D0C40000B00D23 /* ImageLoader.swift in Sources */,
				6AF3412029CC95D0006B3681 /* Favorites.swift in Sources */,
				6AF3410829CC56F3006B3681 /* MainView.swift in Sources */,
				6AF3411C29CC6B10006B3681 /* MainViewModel.swift in Sources */,
				6AF3412329CDA76B006B3681 /* ProductCard.swift in Sources */,
				6AF3413629CF3DDA006B3681 /* EmptyView.swift in Sources */,
				6AF3414229CF6E22006B3681 /* ProductViewModel.swift in Sources */,
				6AF5CC1629D0C45A00B00D23 /* ShippingOptionView.swift in Sources */,
				6AF3414029CF6D31006B3681 /* Product.swift in Sources */,
				6AF3411629CC5866006B3681 /* Repository.swift in Sources */,
				6AF3411A29CC6444006B3681 /* Globals.swift in Sources */,
				6AF3413E29CF6AE9006B3681 /* ProductView.swift in Sources */,
				6AF3410629CC56F3006B3681 /* DadsApp.swift in Sources */,
				6AF5CC1829D0C5F300B00D23 /* AdTypeView.swift in Sources */,
				6AF3411429CC57EC006B3681 /* Model.swift in Sources */,
				6AF3411829CC63E4006B3681 /* CardModifier.swift in Sources */,
			);
			runOnlyForDeploymentPostprocessing = 0;
		};
		6AF5CBF629D0AAE400B00D23 /* Sources */ = {
			isa = PBXSourcesBuildPhase;
			buildActionMask = 2147483647;
			files = (
				6AF5CC1229D0BBD700B00D23 /* MainView.swift in Sources */,
				6AF5CBFD29D0AAE400B00D23 /* DAdsUITests.swift in Sources */,
			);
			runOnlyForDeploymentPostprocessing = 0;
		};
		6AF5CC0529D0AAEF00B00D23 /* Sources */ = {
			isa = PBXSourcesBuildPhase;
			buildActionMask = 2147483647;
			files = (
				6AF5CC0C29D0AAEF00B00D23 /* DAdsTests.swift in Sources */,
			);
			runOnlyForDeploymentPostprocessing = 0;
		};
/* End PBXSourcesBuildPhase section */

/* Begin PBXTargetDependency section */
		6AF5CC0129D0AAE400B00D23 /* PBXTargetDependency */ = {
			isa = PBXTargetDependency;
			target = 6AF3410129CC56F3006B3681 /* DAds */;
			targetProxy = 6AF5CC0029D0AAE400B00D23 /* PBXContainerItemProxy */;
		};
		6AF5CC0E29D0AAEF00B00D23 /* PBXTargetDependency */ = {
			isa = PBXTargetDependency;
			target = 6AF3410129CC56F3006B3681 /* DAds */;
			targetProxy = 6AF5CC0D29D0AAEF00B00D23 /* PBXContainerItemProxy */;
		};
/* End PBXTargetDependency section */

/* Begin XCBuildConfiguration section */
		6AF3410E29CC56F5006B3681 /* Debug */ = {
			isa = XCBuildConfiguration;
			buildSettings = {
				ALWAYS_SEARCH_USER_PATHS = NO;
				CLANG_ANALYZER_NONNULL = YES;
				CLANG_ANALYZER_NUMBER_OBJECT_CONVERSION = YES_AGGRESSIVE;
				CLANG_CXX_LANGUAGE_STANDARD = "gnu++20";
				CLANG_ENABLE_MODULES = YES;
				CLANG_ENABLE_OBJC_ARC = YES;
				CLANG_ENABLE_OBJC_WEAK = YES;
				CLANG_WARN_BLOCK_CAPTURE_AUTORELEASING = YES;
				CLANG_WARN_BOOL_CONVERSION = YES;
				CLANG_WARN_COMMA = YES;
				CLANG_WARN_CONSTANT_CONVERSION = YES;
				CLANG_WARN_DEPRECATED_OBJC_IMPLEMENTATIONS = YES;
				CLANG_WARN_DIRECT_OBJC_ISA_USAGE = YES_ERROR;
				CLANG_WARN_DOCUMENTATION_COMMENTS = YES;
				CLANG_WARN_EMPTY_BODY = YES;
				CLANG_WARN_ENUM_CONVERSION = YES;
				CLANG_WARN_INFINITE_RECURSION = YES;
				CLANG_WARN_INT_CONVERSION = YES;
				CLANG_WARN_NON_LITERAL_NULL_CONVERSION = YES;
				CLANG_WARN_OBJC_IMPLICIT_RETAIN_SELF = YES;
				CLANG_WARN_OBJC_LITERAL_CONVERSION = YES;
				CLANG_WARN_OBJC_ROOT_CLASS = YES_ERROR;
				CLANG_WARN_QUOTED_INCLUDE_IN_FRAMEWORK_HEADER = YES;
				CLANG_WARN_RANGE_LOOP_ANALYSIS = YES;
				CLANG_WARN_STRICT_PROTOTYPES = YES;
				CLANG_WARN_SUSPICIOUS_MOVE = YES;
				CLANG_WARN_UNGUARDED_AVAILABILITY = YES_AGGRESSIVE;
				CLANG_WARN_UNREACHABLE_CODE = YES;
				CLANG_WARN__DUPLICATE_METHOD_MATCH = YES;
				COPY_PHASE_STRIP = NO;
				DEBUG_INFORMATION_FORMAT = dwarf;
				ENABLE_STRICT_OBJC_MSGSEND = YES;
				ENABLE_TESTABILITY = YES;
				GCC_C_LANGUAGE_STANDARD = gnu11;
				GCC_DYNAMIC_NO_PIC = NO;
				GCC_NO_COMMON_BLOCKS = YES;
				GCC_OPTIMIZATION_LEVEL = 0;
				GCC_PREPROCESSOR_DEFINITIONS = (
					"DEBUG=1",
					"$(inherited)",
				);
				GCC_WARN_64_TO_32_BIT_CONVERSION = YES;
				GCC_WARN_ABOUT_RETURN_TYPE = YES_ERROR;
				GCC_WARN_UNDECLARED_SELECTOR = YES;
				GCC_WARN_UNINITIALIZED_AUTOS = YES_AGGRESSIVE;
				GCC_WARN_UNUSED_FUNCTION = YES;
				GCC_WARN_UNUSED_VARIABLE = YES;
				IPHONEOS_DEPLOYMENT_TARGET = 16.2;
				MTL_ENABLE_DEBUG_INFO = INCLUDE_SOURCE;
				MTL_FAST_MATH = YES;
				ONLY_ACTIVE_ARCH = YES;
				SDKROOT = iphoneos;
				SWIFT_ACTIVE_COMPILATION_CONDITIONS = DEBUG;
				SWIFT_OPTIMIZATION_LEVEL = "-Onone";
			};
			name = Debug;
		};
		6AF3410F29CC56F5006B3681 /* Release */ = {
			isa = XCBuildConfiguration;
			buildSettings = {
				ALWAYS_SEARCH_USER_PATHS = NO;
				CLANG_ANALYZER_NONNULL = YES;
				CLANG_ANALYZER_NUMBER_OBJECT_CONVERSION = YES_AGGRESSIVE;
				CLANG_CXX_LANGUAGE_STANDARD = "gnu++20";
				CLANG_ENABLE_MODULES = YES;
				CLANG_ENABLE_OBJC_ARC = YES;
				CLANG_ENABLE_OBJC_WEAK = YES;
				CLANG_WARN_BLOCK_CAPTURE_AUTORELEASING = YES;
				CLANG_WARN_BOOL_CONVERSION = YES;
				CLANG_WARN_COMMA = YES;
				CLANG_WARN_CONSTANT_CONVERSION = YES;
				CLANG_WARN_DEPRECATED_OBJC_IMPLEMENTATIONS = YES;
				CLANG_WARN_DIRECT_OBJC_ISA_USAGE = YES_ERROR;
				CLANG_WARN_DOCUMENTATION_COMMENTS = YES;
				CLANG_WARN_EMPTY_BODY = YES;
				CLANG_WARN_ENUM_CONVERSION = YES;
				CLANG_WARN_INFINITE_RECURSION = YES;
				CLANG_WARN_INT_CONVERSION = YES;
				CLANG_WARN_NON_LITERAL_NULL_CONVERSION = YES;
				CLANG_WARN_OBJC_IMPLICIT_RETAIN_SELF = YES;
				CLANG_WARN_OBJC_LITERAL_CONVERSION = YES;
				CLANG_WARN_OBJC_ROOT_CLASS = YES_ERROR;
				CLANG_WARN_QUOTED_INCLUDE_IN_FRAMEWORK_HEADER = YES;
				CLANG_WARN_RANGE_LOOP_ANALYSIS = YES;
				CLANG_WARN_STRICT_PROTOTYPES = YES;
				CLANG_WARN_SUSPICIOUS_MOVE = YES;
				CLANG_WARN_UNGUARDED_AVAILABILITY = YES_AGGRESSIVE;
				CLANG_WARN_UNREACHABLE_CODE = YES;
				CLANG_WARN__DUPLICATE_METHOD_MATCH = YES;
				COPY_PHASE_STRIP = NO;
				DEBUG_INFORMATION_FORMAT = "dwarf-with-dsym";
				ENABLE_NS_ASSERTIONS = NO;
				ENABLE_STRICT_OBJC_MSGSEND = YES;
				GCC_C_LANGUAGE_STANDARD = gnu11;
				GCC_NO_COMMON_BLOCKS = YES;
				GCC_WARN_64_TO_32_BIT_CONVERSION = YES;
				GCC_WARN_ABOUT_RETURN_TYPE = YES_ERROR;
				GCC_WARN_UNDECLARED_SELECTOR = YES;
				GCC_WARN_UNINITIALIZED_AUTOS = YES_AGGRESSIVE;
				GCC_WARN_UNUSED_FUNCTION = YES;
				GCC_WARN_UNUSED_VARIABLE = YES;
				IPHONEOS_DEPLOYMENT_TARGET = 16.2;
				MTL_ENABLE_DEBUG_INFO = NO;
				MTL_FAST_MATH = YES;
				SDKROOT = iphoneos;
				SWIFT_COMPILATION_MODE = wholemodule;
				SWIFT_OPTIMIZATION_LEVEL = "-O";
				VALIDATE_PRODUCT = YES;
			};
			name = Release;
		};
		6AF3411129CC56F5006B3681 /* Debug */ = {
			isa = XCBuildConfiguration;
			buildSettings = {
				ASSETCATALOG_COMPILER_APPICON_NAME = AppIcon;
				ASSETCATALOG_COMPILER_GLOBAL_ACCENT_COLOR_NAME = AccentColor;
				CODE_SIGN_STYLE = Automatic;
				CURRENT_PROJECT_VERSION = 1;
				DEVELOPMENT_ASSET_PATHS = "\"DAds/Preview Content\"";
				DEVELOPMENT_TEAM = QYFT566HX7;
				ENABLE_PREVIEWS = YES;
				GENERATE_INFOPLIST_FILE = YES;
				INFOPLIST_FILE = DAds/Info.plist;
				INFOPLIST_KEY_UIApplicationSceneManifest_Generation = YES;
				INFOPLIST_KEY_UIApplicationSupportsIndirectInputEvents = YES;
				INFOPLIST_KEY_UILaunchScreen_Generation = YES;
				INFOPLIST_KEY_UISupportedInterfaceOrientations_iPad = "UIInterfaceOrientationPortrait UIInterfaceOrientationPortraitUpsideDown UIInterfaceOrientationLandscapeLeft UIInterfaceOrientationLandscapeRight";
				INFOPLIST_KEY_UISupportedInterfaceOrientations_iPhone = "UIInterfaceOrientationPortrait UIInterfaceOrientationLandscapeLeft UIInterfaceOrientationLandscapeRight";
				LD_RUNPATH_SEARCH_PATHS = (
					"$(inherited)",
					"@executable_path/Frameworks",
				);
				MARKETING_VERSION = 1.0;
				PRODUCT_BUNDLE_IDENTIFIER = com.app.DAds;
				PRODUCT_NAME = "$(TARGET_NAME)";
				SWIFT_EMIT_LOC_STRINGS = YES;
				SWIFT_VERSION = 5.0;
				TARGETED_DEVICE_FAMILY = "1,2";
			};
			name = Debug;
		};
		6AF3411229CC56F5006B3681 /* Release */ = {
			isa = XCBuildConfiguration;
			buildSettings = {
				ASSETCATALOG_COMPILER_APPICON_NAME = AppIcon;
				ASSETCATALOG_COMPILER_GLOBAL_ACCENT_COLOR_NAME = AccentColor;
				CODE_SIGN_STYLE = Automatic;
				CURRENT_PROJECT_VERSION = 1;
				DEVELOPMENT_ASSET_PATHS = "\"DAds/Preview Content\"";
				DEVELOPMENT_TEAM = QYFT566HX7;
				ENABLE_PREVIEWS = YES;
				GENERATE_INFOPLIST_FILE = YES;
				INFOPLIST_FILE = DAds/Info.plist;
				INFOPLIST_KEY_UIApplicationSceneManifest_Generation = YES;
				INFOPLIST_KEY_UIApplicationSupportsIndirectInputEvents = YES;
				INFOPLIST_KEY_UILaunchScreen_Generation = YES;
				INFOPLIST_KEY_UISupportedInterfaceOrientations_iPad = "UIInterfaceOrientationPortrait UIInterfaceOrientationPortraitUpsideDown UIInterfaceOrientationLandscapeLeft UIInterfaceOrientationLandscapeRight";
				INFOPLIST_KEY_UISupportedInterfaceOrientations_iPhone = "UIInterfaceOrientationPortrait UIInterfaceOrientationLandscapeLeft UIInterfaceOrientationLandscapeRight";
				LD_RUNPATH_SEARCH_PATHS = (
					"$(inherited)",
					"@executable_path/Frameworks",
				);
				MARKETING_VERSION = 1.0;
				PRODUCT_BUNDLE_IDENTIFIER = com.app.DAds;
				PRODUCT_NAME = "$(TARGET_NAME)";
				SWIFT_EMIT_LOC_STRINGS = YES;
				SWIFT_VERSION = 5.0;
				TARGETED_DEVICE_FAMILY = "1,2";
			};
			name = Release;
		};
		6AF5CC0229D0AAE400B00D23 /* Debug */ = {
			isa = XCBuildConfiguration;
			buildSettings = {
				CODE_SIGN_STYLE = Automatic;
				CURRENT_PROJECT_VERSION = 1;
				DEVELOPMENT_TEAM = QYFT566HX7;
				GENERATE_INFOPLIST_FILE = YES;
				MARKETING_VERSION = 1.0;
				PRODUCT_BUNDLE_IDENTIFIER = com.app.DAdsUITests;
				PRODUCT_NAME = "$(TARGET_NAME)";
				SWIFT_EMIT_LOC_STRINGS = NO;
				SWIFT_VERSION = 5.0;
				TARGETED_DEVICE_FAMILY = "1,2";
				TEST_TARGET_NAME = DAds;
			};
			name = Debug;
		};
		6AF5CC0329D0AAE400B00D23 /* Release */ = {
			isa = XCBuildConfiguration;
			buildSettings = {
				CODE_SIGN_STYLE = Automatic;
				CURRENT_PROJECT_VERSION = 1;
				DEVELOPMENT_TEAM = QYFT566HX7;
				GENERATE_INFOPLIST_FILE = YES;
				MARKETING_VERSION = 1.0;
				PRODUCT_BUNDLE_IDENTIFIER = com.app.DAdsUITests;
				PRODUCT_NAME = "$(TARGET_NAME)";
				SWIFT_EMIT_LOC_STRINGS = NO;
				SWIFT_VERSION = 5.0;
				TARGETED_DEVICE_FAMILY = "1,2";
				TEST_TARGET_NAME = DAds;
			};
			name = Release;
		};
		6AF5CC1029D0AAEF00B00D23 /* Debug */ = {
			isa = XCBuildConfiguration;
			buildSettings = {
				BUNDLE_LOADER = "$(TEST_HOST)";
				CODE_SIGN_STYLE = Automatic;
				CURRENT_PROJECT_VERSION = 1;
				DEVELOPMENT_TEAM = QYFT566HX7;
				GENERATE_INFOPLIST_FILE = YES;
				MARKETING_VERSION = 1.0;
				PRODUCT_BUNDLE_IDENTIFIER = com.app.DAdsTests;
				PRODUCT_NAME = "$(TARGET_NAME)";
				SWIFT_EMIT_LOC_STRINGS = NO;
				SWIFT_VERSION = 5.0;
				TARGETED_DEVICE_FAMILY = "1,2";
				TEST_HOST = "$(BUILT_PRODUCTS_DIR)/DAds.app/$(BUNDLE_EXECUTABLE_FOLDER_PATH)/DAds";
			};
			name = Debug;
		};
		6AF5CC1129D0AAEF00B00D23 /* Release */ = {
			isa = XCBuildConfiguration;
			buildSettings = {
				BUNDLE_LOADER = "$(TEST_HOST)";
				CODE_SIGN_STYLE = Automatic;
				CURRENT_PROJECT_VERSION = 1;
				DEVELOPMENT_TEAM = QYFT566HX7;
				GENERATE_INFOPLIST_FILE = YES;
				MARKETING_VERSION = 1.0;
				PRODUCT_BUNDLE_IDENTIFIER = com.app.DAdsTests;
				PRODUCT_NAME = "$(TARGET_NAME)";
				SWIFT_EMIT_LOC_STRINGS = NO;
				SWIFT_VERSION = 5.0;
				TARGETED_DEVICE_FAMILY = "1,2";
				TEST_HOST = "$(BUILT_PRODUCTS_DIR)/DAds.app/$(BUNDLE_EXECUTABLE_FOLDER_PATH)/DAds";
			};
			name = Release;
		};
/* End XCBuildConfiguration section */

/* Begin XCConfigurationList section */
		6AF340FD29CC56F3006B3681 /* Build configuration list for PBXProject "DAds" */ = {
			isa = XCConfigurationList;
			buildConfigurations = (
				6AF3410E29CC56F5006B3681 /* Debug */,
				6AF3410F29CC56F5006B3681 /* Release */,
			);
			defaultConfigurationIsVisible = 0;
			defaultConfigurationName = Release;
		};
		6AF3411029CC56F5006B3681 /* Build configuration list for PBXNativeTarget "DAds" */ = {
			isa = XCConfigurationList;
			buildConfigurations = (
				6AF3411129CC56F5006B3681 /* Debug */,
				6AF3411229CC56F5006B3681 /* Release */,
			);
			defaultConfigurationIsVisible = 0;
			defaultConfigurationName = Release;
		};
		6AF5CC0429D0AAE400B00D23 /* Build configuration list for PBXNativeTarget "DAdsUITests" */ = {
			isa = XCConfigurationList;
			buildConfigurations = (
				6AF5CC0229D0AAE400B00D23 /* Debug */,
				6AF5CC0329D0AAE400B00D23 /* Release */,
			);
			defaultConfigurationIsVisible = 0;
			defaultConfigurationName = Release;
		};
		6AF5CC0F29D0AAEF00B00D23 /* Build configuration list for PBXNativeTarget "DAdsTests" */ = {
			isa = XCConfigurationList;
			buildConfigurations = (
				6AF5CC1029D0AAEF00B00D23 /* Debug */,
				6AF5CC1129D0AAEF00B00D23 /* Release */,
			);
			defaultConfigurationIsVisible = 0;
			defaultConfigurationName = Release;
		};
/* End XCConfigurationList section */
	};
	rootObject = 6AF340FA29CC56F3006B3681 /* Project object */;
}
